
Microsoft Visual Studio Solution File, Format Version 12.00
# Visual Studio Version 17
VisualStudioVersion = 17.0.31903.59
MinimumVisualStudioVersion = 10.0.40219.1
Project("{2150E333-8FDC-42A3-9474-1A3956D46DE8}") = "src", "src", "{331B9BDA-3286-4B30-9352-35C11E6092FA}"
EndProject
Project("{FAE04EC0-301F-11D3-BF4B-00C04F79EFBC}") = "Core", "src\Core\Core.csproj", "{7386B11C-52AA-4736-94FC-9AD6F9233B98}"
EndProject
Project("{FAE04EC0-301F-11D3-BF4B-00C04F79EFBC}") = "Data", "src\Data\Data.csproj", "{B11E4E5D-5A32-4344-A078-E63DDFDE4DA6}"
EndProject
Project("{FAE04EC0-301F-11D3-BF4B-00C04F79EFBC}") = "ConsoleApp", "src\ConsoleApp\ConsoleApp.csproj", "{DDD9DC39-3C70-403F-A160-8F5EA61E20AD}"
EndProject
Project("{FAE04EC0-301F-11D3-BF4B-00C04F79EFBC}") = "Logic", "src\Logic\Logic.csproj", "{FB689F1D-B825-4D7A-AC27-BCA1FEB074F2}"
EndProject
Project("{FAE04EC0-301F-11D3-BF4B-00C04F79EFBC}") = "WebApp", "src\WebApp\WebApp.csproj", "{E72E1D39-A79C-439A-8161-8EE4F967B8E7}"
EndProject
Project("{FAE04EC0-301F-11D3-BF4B-00C04F79EFBC}") = "WebAppMvc", "src\WebAppMvc\WebAppMvc.csproj", "{1DBC2C15-8848-4635-8452-C8EECAA8BBBE}"
EndProject
Project("{FAE04EC0-301F-11D3-BF4B-00C04F79EFBC}") = "WebApi", "src\WebApi\WebApi.csproj", "{675A9FE8-C830-454B-815C-4729C63F2AA1}"
EndProject
Project("{FAE04EC0-301F-11D3-BF4B-00C04F79EFBC}") = "BlazorApp", "src\BlazorApp\BlazorApp.csproj", "{4269C518-592E-44E1-9786-ED389752DA55}"
EndProject
Project("{FAE04EC0-301F-11D3-BF4B-00C04F79EFBC}") = "BlazorAppWeb", "src\BlazorAppWeb\BlazorAppWeb.csproj", "{DA7EB50A-B73F-4D83-87D5-A27C18F58D16}"
EndProject
Global
	GlobalSection(SolutionConfigurationPlatforms) = preSolution
		Debug|Any CPU = Debug|Any CPU
		Release|Any CPU = Release|Any CPU
	EndGlobalSection
	GlobalSection(SolutionProperties) = preSolution
		HideSolutionNode = FALSE
	EndGlobalSection
	GlobalSection(ProjectConfigurationPlatforms) = postSolution
		{7386B11C-52AA-4736-94FC-9AD6F9233B98}.Debug|Any CPU.ActiveCfg = Debug|Any CPU
		{7386B11C-52AA-4736-94FC-9AD6F9233B98}.Debug|Any CPU.Build.0 = Debug|Any CPU
		{7386B11C-52AA-4736-94FC-9AD6F9233B98}.Release|Any CPU.ActiveCfg = Release|Any CPU
		{7386B11C-52AA-4736-94FC-9AD6F9233B98}.Release|Any CPU.Build.0 = Release|Any CPU
		{B11E4E5D-5A32-4344-A078-E63DDFDE4DA6}.Debug|Any CPU.ActiveCfg = Debug|Any CPU
		{B11E4E5D-5A32-4344-A078-E63DDFDE4DA6}.Debug|Any CPU.Build.0 = Debug|Any CPU
		{B11E4E5D-5A32-4344-A078-E63DDFDE4DA6}.Release|Any CPU.ActiveCfg = Release|Any CPU
		{B11E4E5D-5A32-4344-A078-E63DDFDE4DA6}.Release|Any CPU.Build.0 = Release|Any CPU
		{DDD9DC39-3C70-403F-A160-8F5EA61E20AD}.Debug|Any CPU.ActiveCfg = Debug|Any CPU
		{DDD9DC39-3C70-403F-A160-8F5EA61E20AD}.Debug|Any CPU.Build.0 = Debug|Any CPU
		{DDD9DC39-3C70-403F-A160-8F5EA61E20AD}.Release|Any CPU.ActiveCfg = Release|Any CPU
		{DDD9DC39-3C70-403F-A160-8F5EA61E20AD}.Release|Any CPU.Build.0 = Release|Any CPU
		{FB689F1D-B825-4D7A-AC27-BCA1FEB074F2}.Debug|Any CPU.ActiveCfg = Debug|Any CPU
		{FB689F1D-B825-4D7A-AC27-BCA1FEB074F2}.Debug|Any CPU.Build.0 = Debug|Any CPU
		{FB689F1D-B825-4D7A-AC27-BCA1FEB074F2}.Release|Any CPU.ActiveCfg = Release|Any CPU
		{FB689F1D-B825-4D7A-AC27-BCA1FEB074F2}.Release|Any CPU.Build.0 = Release|Any CPU
		{E72E1D39-A79C-439A-8161-8EE4F967B8E7}.Debug|Any CPU.ActiveCfg = Debug|Any CPU
		{E72E1D39-A79C-439A-8161-8EE4F967B8E7}.Debug|Any CPU.Build.0 = Debug|Any CPU
		{E72E1D39-A79C-439A-8161-8EE4F967B8E7}.Release|Any CPU.ActiveCfg = Release|Any CPU
		{E72E1D39-A79C-439A-8161-8EE4F967B8E7}.Release|Any CPU.Build.0 = Release|Any CPU
		{1DBC2C15-8848-4635-8452-C8EECAA8BBBE}.Debug|Any CPU.ActiveCfg = Debug|Any CPU
		{1DBC2C15-8848-4635-8452-C8EECAA8BBBE}.Debug|Any CPU.Build.0 = Debug|Any CPU
		{1DBC2C15-8848-4635-8452-C8EECAA8BBBE}.Release|Any CPU.ActiveCfg = Release|Any CPU
		{1DBC2C15-8848-4635-8452-C8EECAA8BBBE}.Release|Any CPU.Build.0 = Release|Any CPU
		{675A9FE8-C830-454B-815C-4729C63F2AA1}.Debug|Any CPU.ActiveCfg = Debug|Any CPU
		{675A9FE8-C830-454B-815C-4729C63F2AA1}.Debug|Any CPU.Build.0 = Debug|Any CPU
		{675A9FE8-C830-454B-815C-4729C63F2AA1}.Release|Any CPU.ActiveCfg = Release|Any CPU
		{675A9FE8-C830-454B-815C-4729C63F2AA1}.Release|Any CPU.Build.0 = Release|Any CPU
		{4269C518-592E-44E1-9786-ED389752DA55}.Debug|Any CPU.ActiveCfg = Debug|Any CPU
		{4269C518-592E-44E1-9786-ED389752DA55}.Debug|Any CPU.Build.0 = Debug|Any CPU
		{4269C518-592E-44E1-9786-ED389752DA55}.Release|Any CPU.ActiveCfg = Release|Any CPU
		{4269C518-592E-44E1-9786-ED389752DA55}.Release|Any CPU.Build.0 = Release|Any CPU
		{40A09D15-6C5C-433E-A4A1-47A83DA44672}.Debug|Any CPU.ActiveCfg = Debug|Any CPU
		{40A09D15-6C5C-433E-A4A1-47A83DA44672}.Debug|Any CPU.Build.0 = Debug|Any CPU
		{40A09D15-6C5C-433E-A4A1-47A83DA44672}.Release|Any CPU.ActiveCfg = Release|Any CPU
		{40A09D15-6C5C-433E-A4A1-47A83DA44672}.Release|Any CPU.Build.0 = Release|Any CPU
		{DA7EB50A-B73F-4D83-87D5-A27C18F58D16}.Debug|Any CPU.ActiveCfg = Debug|Any CPU
		{DA7EB50A-B73F-4D83-87D5-A27C18F58D16}.Debug|Any CPU.Build.0 = Debug|Any CPU
		{DA7EB50A-B73F-4D83-87D5-A27C18F58D16}.Release|Any CPU.ActiveCfg = Release|Any CPU
		{DA7EB50A-B73F-4D83-87D5-A27C18F58D16}.Release|Any CPU.Build.0 = Release|Any CPU
	EndGlobalSection
	GlobalSection(NestedProjects) = preSolution
		{7386B11C-52AA-4736-94FC-9AD6F9233B98} = {331B9BDA-3286-4B30-9352-35C11E6092FA}
		{B11E4E5D-5A32-4344-A078-E63DDFDE4DA6} = {331B9BDA-3286-4B30-9352-35C11E6092FA}
		{DDD9DC39-3C70-403F-A160-8F5EA61E20AD} = {331B9BDA-3286-4B30-9352-35C11E6092FA}
		{FB689F1D-B825-4D7A-AC27-BCA1FEB074F2} = {331B9BDA-3286-4B30-9352-35C11E6092FA}
		{E72E1D39-A79C-439A-8161-8EE4F967B8E7} = {331B9BDA-3286-4B30-9352-35C11E6092FA}
		{1DBC2C15-8848-4635-8452-C8EECAA8BBBE} = {331B9BDA-3286-4B30-9352-35C11E6092FA}
		{675A9FE8-C830-454B-815C-4729C63F2AA1} = {331B9BDA-3286-4B30-9352-35C11E6092FA}
		{4269C518-592E-44E1-9786-ED389752DA55} = {331B9BDA-3286-4B30-9352-35C11E6092FA}
		{DA7EB50A-B73F-4D83-87D5-A27C18F58D16} = {331B9BDA-3286-4B30-9352-35C11E6092FA}
	EndGlobalSection
EndGlobal
